
Microsoft Visual Studio Solution File, Format Version 12.00
# Visual Studio Version 17
VisualStudioVersion = 17.2.32516.85
MinimumVisualStudioVersion = 10.0.40219.1
Project("{9A19103F-16F7-4668-BE54-9A1E7A4F7556}") = "Swiftlet", "Swiftlet.csproj", "{BE3CFFB5-BC61-4FE9-9743-BE85FF523060}"
EndProject
Global
	GlobalSection(SolutionConfigurationPlatforms) = preSolution
		Debug-Rhino6|Any CPU = Debug-Rhino6|Any CPU
		Debug-Rhino7|Any CPU = Debug-Rhino7|Any CPU
		Debug-Rhino8|Any CPU = Debug-Rhino8|Any CPU
		Release-Rhino6|Any CPU = Release-Rhino6|Any CPU
		Release-Rhino7|Any CPU = Release-Rhino7|Any CPU
		Release-Rhino8|Any CPU = Release-Rhino8|Any CPU
	EndGlobalSection
	GlobalSection(ProjectConfigurationPlatforms) = postSolution
		{BE3CFFB5-BC61-4FE9-9743-BE85FF523060}.Debug-Rhino6|Any CPU.ActiveCfg = Debug-Rhino6|Any CPU
		{BE3CFFB5-BC61-4FE9-9743-BE85FF523060}.Debug-Rhino6|Any CPU.Build.0 = Debug-Rhino6|Any CPU
		{BE3CFFB5-BC61-4FE9-9743-BE85FF523060}.Debug-Rhino7|Any CPU.ActiveCfg = Debug-Rhino7|Any CPU
		{BE3CFFB5-BC61-4FE9-9743-BE85FF523060}.Debug-Rhino7|Any CPU.Build.0 = Debug-Rhino7|Any CPU
		{BE3CFFB5-BC61-4FE9-9743-BE85FF523060}.Debug-Rhino8|Any CPU.ActiveCfg = Debug-Rhino8|Any CPU
		{BE3CFFB5-BC61-4FE9-9743-BE85FF523060}.Debug-Rhino8|Any CPU.Build.0 = Debug-Rhino8|Any CPU
		{BE3CFFB5-BC61-4FE9-9743-BE85FF523060}.Release-Rhino6|Any CPU.ActiveCfg = Release-Rhino6|Any CPU
		{BE3CFFB5-BC61-4FE9-9743-BE85FF523060}.Release-Rhino6|Any CPU.Build.0 = Release-Rhino6|Any CPU
		{BE3CFFB5-BC61-4FE9-9743-BE85FF523060}.Release-Rhino7|Any CPU.ActiveCfg = Release-Rhino7|Any CPU
		{BE3CFFB5-BC61-4FE9-9743-BE85FF523060}.Release-Rhino7|Any CPU.Build.0 = Release-Rhino7|Any CPU
		{BE3CFFB5-BC61-4FE9-9743-BE85FF523060}.Release-Rhino8|Any CPU.ActiveCfg = Release-Rhino8|Any CPU
		{BE3CFFB5-BC61-4FE9-9743-BE85FF523060}.Release-Rhino8|Any CPU.Build.0 = Release-Rhino8|Any CPU
	EndGlobalSection
	GlobalSection(SolutionProperties) = preSolution
		HideSolutionNode = FALSE
	EndGlobalSection
	GlobalSection(ExtensibilityGlobals) = postSolution
		SolutionGuid = {87BDC127-FA76-4282-B68E-42B82C433406}
	EndGlobalSection
EndGlobal
