
Microsoft Visual Studio Solution File, Format Version 12.00
# Visual Studio Version 17
VisualStudioVersion = 17.2.32516.85
MinimumVisualStudioVersion = 10.0.40219.1
Project("{FAE04EC0-301F-11D3-BF4B-00C04F79EFBC}") = "Swiftlet", "Swiftlet.csproj", "{BE3CFFB5-BC61-4FE9-9743-BE85FF523060}"
EndProject
Global
	GlobalSection(SolutionConfigurationPlatforms) = preSolution
		Debug|Any CPU = Debug|Any CPU
		Release|Any CPU = Release|Any CPU
	EndGlobalSection
	GlobalSection(ProjectConfigurationPlatforms) = postSolution
		{BE3CFFB5-BC61-4FE9-9743-BE85FF523060}.Debug|Any CPU.ActiveCfg = Debug|Any CPU
		{BE3CFFB5-BC61-4FE9-9743-BE85FF523060}.Debug|Any CPU.Build.0 = Debug|Any CPU
		{BE3CFFB5-BC61-4FE9-9743-BE85FF523060}.Release|Any CPU.ActiveCfg = Release|Any CPU
		{BE3CFFB5-BC61-4FE9-9743-BE85FF523060}.Release|Any CPU.Build.0 = Release|Any CPU
	EndGlobalSection
	GlobalSection(SolutionProperties) = preSolution
		HideSolutionNode = FALSE
	EndGlobalSection
	GlobalSection(ExtensibilityGlobals) = postSolution
		SolutionGuid = {87BDC127-FA76-4282-B68E-42B82C433406}
	EndGlobalSection
EndGlobal
